
Microsoft Visual Studio Solution File, Format Version 12.00
# Visual Studio Version 17
VisualStudioVersion = 17.7.34031.279
MinimumVisualStudioVersion = 10.0.40219.1
Project("{8BC9CEB8-8B4A-11D0-8D11-00A0C91BC942}") = "problemsolving4", "problemsolving4\problemsolving4.vcxproj", "{5C89EC1D-1C82-469B-A733-28C31E200EE4}"
EndProject
Project("{8BC9CEB8-8B4A-11D0-8D11-00A0C91BC942}") = "lab4-2", "lab4-2\lab4-2.vcxproj", "{4FD2A0A7-FD07-4D72-99D9-7D5F36671DB3}"
EndProject
Project("{8BC9CEB8-8B4A-11D0-8D11-00A0C91BC942}") = "lab4-3", "lab4-3\lab4-3.vcxproj", "{6BABC4EC-A78F-4F83-9E57-6B89F7242C04}"
EndProject
Global
	GlobalSection(SolutionConfigurationPlatforms) = preSolution
		Debug|x64 = Debug|x64
		Debug|x86 = Debug|x86
		Release|x64 = Release|x64
		Release|x86 = Release|x86
	EndGlobalSection
	GlobalSection(ProjectConfigurationPlatforms) = postSolution
		{5C89EC1D-1C82-469B-A733-28C31E200EE4}.Debug|x64.ActiveCfg = Debug|x64
		{5C89EC1D-1C82-469B-A733-28C31E200EE4}.Debug|x64.Build.0 = Debug|x64
		{5C89EC1D-1C82-469B-A733-28C31E200EE4}.Debug|x86.ActiveCfg = Debug|Win32
		{5C89EC1D-1C82-469B-A733-28C31E200EE4}.Debug|x86.Build.0 = Debug|Win32
		{5C89EC1D-1C82-469B-A733-28C31E200EE4}.Release|x64.ActiveCfg = Release|x64
		{5C89EC1D-1C82-469B-A733-28C31E200EE4}.Release|x64.Build.0 = Release|x64
		{5C89EC1D-1C82-469B-A733-28C31E200EE4}.Release|x86.ActiveCfg = Release|Win32
		{5C89EC1D-1C82-469B-A733-28C31E200EE4}.Release|x86.Build.0 = Release|Win32
		{4FD2A0A7-FD07-4D72-99D9-7D5F36671DB3}.Debug|x64.ActiveCfg = Debug|x64
		{4FD2A0A7-FD07-4D72-99D9-7D5F36671DB3}.Debug|x64.Build.0 = Debug|x64
		{4FD2A0A7-FD07-4D72-99D9-7D5F36671DB3}.Debug|x86.ActiveCfg = Debug|Win32
		{4FD2A0A7-FD07-4D72-99D9-7D5F36671DB3}.Debug|x86.Build.0 = Debug|Win32
		{4FD2A0A7-FD07-4D72-99D9-7D5F36671DB3}.Release|x64.ActiveCfg = Release|x64
		{4FD2A0A7-FD07-4D72-99D9-7D5F36671DB3}.Release|x64.Build.0 = Release|x64
		{4FD2A0A7-FD07-4D72-99D9-7D5F36671DB3}.Release|x86.ActiveCfg = Release|Win32
		{4FD2A0A7-FD07-4D72-99D9-7D5F36671DB3}.Release|x86.Build.0 = Release|Win32
		{6BABC4EC-A78F-4F83-9E57-6B89F7242C04}.Debug|x64.ActiveCfg = Debug|x64
		{6BABC4EC-A78F-4F83-9E57-6B89F7242C04}.Debug|x64.Build.0 = Debug|x64
		{6BABC4EC-A78F-4F83-9E57-6B89F7242C04}.Debug|x86.ActiveCfg = Debug|Win32
		{6BABC4EC-A78F-4F83-9E57-6B89F7242C04}.Debug|x86.Build.0 = Debug|Win32
		{6BABC4EC-A78F-4F83-9E57-6B89F7242C04}.Release|x64.ActiveCfg = Release|x64
		{6BABC4EC-A78F-4F83-9E57-6B89F7242C04}.Release|x64.Build.0 = Release|x64
		{6BABC4EC-A78F-4F83-9E57-6B89F7242C04}.Release|x86.ActiveCfg = Release|Win32
		{6BABC4EC-A78F-4F83-9E57-6B89F7242C04}.Release|x86.Build.0 = Release|Win32
	EndGlobalSection
	GlobalSection(SolutionProperties) = preSolution
		HideSolutionNode = FALSE
	EndGlobalSection
	GlobalSection(ExtensibilityGlobals) = postSolution
		SolutionGuid = {DFEF1D3C-D76F-40A9-ADEF-C2D98155D907}
	EndGlobalSection
EndGlobal
